
Microsoft Visual Studio Solution File, Format Version 12.00
# Visual Studio Version 17
VisualStudioVersion = 17.2.32616.157
MinimumVisualStudioVersion = 10.0.40219.1
Project("{888888A0-9F3D-457C-B088-3A5042F75D52}") = "pr 4 Byzov 101", "pr 4 Byzov 101\pr 4 Byzov 101.pyproj", "{582DDBF7-BBE0-499F-9124-742A82CA0682}"
EndProject
Global
	GlobalSection(SolutionConfigurationPlatforms) = preSolution
		Debug|Any CPU = Debug|Any CPU
		Release|Any CPU = Release|Any CPU
	EndGlobalSection
	GlobalSection(ProjectConfigurationPlatforms) = postSolution
		{582DDBF7-BBE0-499F-9124-742A82CA0682}.Debug|Any CPU.ActiveCfg = Debug|Any CPU
		{582DDBF7-BBE0-499F-9124-742A82CA0682}.Release|Any CPU.ActiveCfg = Release|Any CPU
	EndGlobalSection
	GlobalSection(SolutionProperties) = preSolution
		HideSolutionNode = FALSE
	EndGlobalSection
	GlobalSection(ExtensibilityGlobals) = postSolution
		SolutionGuid = {50CBEB7D-B75E-4ED7-9949-94CF955750C6}
	EndGlobalSection
EndGlobal
